
Microsoft Visual Studio Solution File, Format Version 12.00
# Visual Studio Version 16
VisualStudioVersion = 16.0.30011.22
MinimumVisualStudioVersion = 10.0.40219.1
Project("{8BC9CEB8-8B4A-11D0-8D11-00A0C91BC942}") = "CIT", "CIT\CIT.vcxproj", "{92BEF51D-F3BE-4423-B537-7792CC16D0F1}"
EndProject
Project("{FAE04EC0-301F-11D3-BF4B-00C04F79EFBC}") = "CITUI", "CITUI\CITUI.csproj", "{CA741D56-D830-4212-B4A5-3203600699B7}"
EndProject
Global
	GlobalSection(SolutionConfigurationPlatforms) = preSolution
		Debug|Any CPU = Debug|Any CPU
		Debug|x64 = Debug|x64
		Debug|x86 = Debug|x86
		Release|Any CPU = Release|Any CPU
		Release|x64 = Release|x64
		Release|x86 = Release|x86
	EndGlobalSection
	GlobalSection(ProjectConfigurationPlatforms) = postSolution
		{92BEF51D-F3BE-4423-B537-7792CC16D0F1}.Debug|Any CPU.ActiveCfg = Debug|Win32
		{92BEF51D-F3BE-4423-B537-7792CC16D0F1}.Debug|x64.ActiveCfg = Debug|x64
		{92BEF51D-F3BE-4423-B537-7792CC16D0F1}.Debug|x64.Build.0 = Debug|x64
		{92BEF51D-F3BE-4423-B537-7792CC16D0F1}.Debug|x86.ActiveCfg = Debug|Win32
		{92BEF51D-F3BE-4423-B537-7792CC16D0F1}.Debug|x86.Build.0 = Debug|Win32
		{92BEF51D-F3BE-4423-B537-7792CC16D0F1}.Release|Any CPU.ActiveCfg = Release|Win32
		{92BEF51D-F3BE-4423-B537-7792CC16D0F1}.Release|x64.ActiveCfg = Release|x64
		{92BEF51D-F3BE-4423-B537-7792CC16D0F1}.Release|x64.Build.0 = Release|x64
		{92BEF51D-F3BE-4423-B537-7792CC16D0F1}.Release|x86.ActiveCfg = Release|Win32
		{92BEF51D-F3BE-4423-B537-7792CC16D0F1}.Release|x86.Build.0 = Release|Win32
		{CA741D56-D830-4212-B4A5-3203600699B7}.Debug|Any CPU.ActiveCfg = Debug|Any CPU
		{CA741D56-D830-4212-B4A5-3203600699B7}.Debug|Any CPU.Build.0 = Debug|Any CPU
		{CA741D56-D830-4212-B4A5-3203600699B7}.Debug|x64.ActiveCfg = Debug|Any CPU
		{CA741D56-D830-4212-B4A5-3203600699B7}.Debug|x64.Build.0 = Debug|Any CPU
		{CA741D56-D830-4212-B4A5-3203600699B7}.Debug|x86.ActiveCfg = Debug|Any CPU
		{CA741D56-D830-4212-B4A5-3203600699B7}.Debug|x86.Build.0 = Debug|Any CPU
		{CA741D56-D830-4212-B4A5-3203600699B7}.Release|Any CPU.ActiveCfg = Release|Any CPU
		{CA741D56-D830-4212-B4A5-3203600699B7}.Release|Any CPU.Build.0 = Release|Any CPU
		{CA741D56-D830-4212-B4A5-3203600699B7}.Release|x64.ActiveCfg = Release|Any CPU
		{CA741D56-D830-4212-B4A5-3203600699B7}.Release|x64.Build.0 = Release|Any CPU
		{CA741D56-D830-4212-B4A5-3203600699B7}.Release|x86.ActiveCfg = Release|Any CPU
		{CA741D56-D830-4212-B4A5-3203600699B7}.Release|x86.Build.0 = Release|Any CPU
	EndGlobalSection
	GlobalSection(SolutionProperties) = preSolution
		HideSolutionNode = FALSE
	EndGlobalSection
	GlobalSection(ExtensibilityGlobals) = postSolution
		SolutionGuid = {EA99D620-B520-49A1-B604-B94C080F545A}
	EndGlobalSection
EndGlobal
